
Microsoft Visual Studio Solution File, Format Version 12.00
# Visual Studio Version 17
VisualStudioVersion = 17.8.34330.188
MinimumVisualStudioVersion = 10.0.40219.1
Project("{FAE04EC0-301F-11D3-BF4B-00C04F79EFBC}") = "Proveit", "Proveit\Proveit.csproj", "{3C63AA22-8E0E-4D7F-8EE9-B6DD0FBAB051}"
EndProject
Global
	GlobalSection(SolutionConfigurationPlatforms) = preSolution
		Debug|Any CPU = Debug|Any CPU
		Release|Any CPU = Release|Any CPU
	EndGlobalSection
	GlobalSection(ProjectConfigurationPlatforms) = postSolution
		{3C63AA22-8E0E-4D7F-8EE9-B6DD0FBAB051}.Debug|Any CPU.ActiveCfg = Debug|Any CPU
		{3C63AA22-8E0E-4D7F-8EE9-B6DD0FBAB051}.Debug|Any CPU.Build.0 = Debug|Any CPU
		{3C63AA22-8E0E-4D7F-8EE9-B6DD0FBAB051}.Release|Any CPU.ActiveCfg = Release|Any CPU
		{3C63AA22-8E0E-4D7F-8EE9-B6DD0FBAB051}.Release|Any CPU.Build.0 = Release|Any CPU
	EndGlobalSection
	GlobalSection(SolutionProperties) = preSolution
		HideSolutionNode = FALSE
	EndGlobalSection
	GlobalSection(ExtensibilityGlobals) = postSolution
		SolutionGuid = {CDF8CD9D-0530-475D-8E73-541B0C4F456E}
	EndGlobalSection
EndGlobal
